
Microsoft Visual Studio Solution File, Format Version 12.00
# Visual Studio Version 16
VisualStudioVersion = 16.0.31424.327
MinimumVisualStudioVersion = 10.0.40219.1
Project("{9A19103F-16F7-4668-BE54-9A1E7A4F7556}") = "Stone.Infraestrutura", "src\Stone.Infraestrutura\Stone.Infraestrutura\Stone.Infraestrutura.csproj", "{A9CD2FF2-2583-4B7A-96B9-4FE56712F0AD}"
EndProject
Project("{9A19103F-16F7-4668-BE54-9A1E7A4F7556}") = "Stone.Servico", "src\Stone.Servico\Stone.Servico.csproj", "{6CC89491-F73D-4AF1-9E43-8C8109467107}"
EndProject
Project("{9A19103F-16F7-4668-BE54-9A1E7A4F7556}") = "Stone.Utilitarios", "src\Stone.Utilitarios\Stone.Utilitarios.csproj", "{343240D6-F641-464C-A33A-602FBA891E83}"
EndProject
Project("{9A19103F-16F7-4668-BE54-9A1E7A4F7556}") = "Stone.API", "src\Stone.API\Stone.API.csproj", "{EE1E8E7C-E286-42D4-AE0B-D05C696ED297}"
EndProject
Project("{9A19103F-16F7-4668-BE54-9A1E7A4F7556}") = "Stone.Dominio", "src\Stone.Dominio\Stone.Dominio.csproj", "{845E6F98-0635-48E7-873C-3729CBA0209B}"
EndProject
Global
	GlobalSection(SolutionConfigurationPlatforms) = preSolution
		Debug|Any CPU = Debug|Any CPU
		Release|Any CPU = Release|Any CPU
	EndGlobalSection
	GlobalSection(ProjectConfigurationPlatforms) = postSolution
		{A9CD2FF2-2583-4B7A-96B9-4FE56712F0AD}.Debug|Any CPU.ActiveCfg = Debug|Any CPU
		{A9CD2FF2-2583-4B7A-96B9-4FE56712F0AD}.Debug|Any CPU.Build.0 = Debug|Any CPU
		{A9CD2FF2-2583-4B7A-96B9-4FE56712F0AD}.Release|Any CPU.ActiveCfg = Release|Any CPU
		{A9CD2FF2-2583-4B7A-96B9-4FE56712F0AD}.Release|Any CPU.Build.0 = Release|Any CPU
		{6CC89491-F73D-4AF1-9E43-8C8109467107}.Debug|Any CPU.ActiveCfg = Debug|Any CPU
		{6CC89491-F73D-4AF1-9E43-8C8109467107}.Debug|Any CPU.Build.0 = Debug|Any CPU
		{6CC89491-F73D-4AF1-9E43-8C8109467107}.Release|Any CPU.ActiveCfg = Release|Any CPU
		{6CC89491-F73D-4AF1-9E43-8C8109467107}.Release|Any CPU.Build.0 = Release|Any CPU
		{343240D6-F641-464C-A33A-602FBA891E83}.Debug|Any CPU.ActiveCfg = Debug|Any CPU
		{343240D6-F641-464C-A33A-602FBA891E83}.Debug|Any CPU.Build.0 = Debug|Any CPU
		{343240D6-F641-464C-A33A-602FBA891E83}.Release|Any CPU.ActiveCfg = Release|Any CPU
		{343240D6-F641-464C-A33A-602FBA891E83}.Release|Any CPU.Build.0 = Release|Any CPU
		{EE1E8E7C-E286-42D4-AE0B-D05C696ED297}.Debug|Any CPU.ActiveCfg = Debug|Any CPU
		{EE1E8E7C-E286-42D4-AE0B-D05C696ED297}.Debug|Any CPU.Build.0 = Debug|Any CPU
		{EE1E8E7C-E286-42D4-AE0B-D05C696ED297}.Release|Any CPU.ActiveCfg = Release|Any CPU
		{EE1E8E7C-E286-42D4-AE0B-D05C696ED297}.Release|Any CPU.Build.0 = Release|Any CPU
		{845E6F98-0635-48E7-873C-3729CBA0209B}.Debug|Any CPU.ActiveCfg = Debug|Any CPU
		{845E6F98-0635-48E7-873C-3729CBA0209B}.Debug|Any CPU.Build.0 = Debug|Any CPU
		{845E6F98-0635-48E7-873C-3729CBA0209B}.Release|Any CPU.ActiveCfg = Release|Any CPU
		{845E6F98-0635-48E7-873C-3729CBA0209B}.Release|Any CPU.Build.0 = Release|Any CPU
	EndGlobalSection
	GlobalSection(SolutionProperties) = preSolution
		HideSolutionNode = FALSE
	EndGlobalSection
	GlobalSection(ExtensibilityGlobals) = postSolution
		SolutionGuid = {34770696-926F-4F4C-8296-84215171138C}
	EndGlobalSection
EndGlobal
